
Microsoft Visual Studio Solution File, Format Version 12.00
# Visual Studio Version 16
VisualStudioVersion = 16.0.31515.178
MinimumVisualStudioVersion = 10.0.40219.1
Project("{FAE04EC0-301F-11D3-BF4B-00C04F79EFBC}") = "calculadora", "calculadora\calculadora.csproj", "{53BA4480-C459-48B0-99CA-470331C62DF5}"
EndProject
Global
	GlobalSection(SolutionConfigurationPlatforms) = preSolution
		Debug|Any CPU = Debug|Any CPU
		Release|Any CPU = Release|Any CPU
	EndGlobalSection
	GlobalSection(ProjectConfigurationPlatforms) = postSolution
		{53BA4480-C459-48B0-99CA-470331C62DF5}.Debug|Any CPU.ActiveCfg = Debug|Any CPU
		{53BA4480-C459-48B0-99CA-470331C62DF5}.Debug|Any CPU.Build.0 = Debug|Any CPU
		{53BA4480-C459-48B0-99CA-470331C62DF5}.Release|Any CPU.ActiveCfg = Release|Any CPU
		{53BA4480-C459-48B0-99CA-470331C62DF5}.Release|Any CPU.Build.0 = Release|Any CPU
	EndGlobalSection
	GlobalSection(SolutionProperties) = preSolution
		HideSolutionNode = FALSE
	EndGlobalSection
	GlobalSection(ExtensibilityGlobals) = postSolution
		SolutionGuid = {1BBEB561-3DE2-472B-833F-A3DDBBD9031C}
	EndGlobalSection
EndGlobal
